{
  "lockfile_version": "1",
  "packages": {
    "github:NixOS/nixpkgs/nixpkgs-unstable": {
      "last_modified": "2026-03-23T05:26:49Z",
      "resolved": "github:NixOS/nixpkgs/4724d5647207377bede08da3212f809cbd94a648?lastModified=1774243609"
    },
    "ruby_3_4@latest": {
      "last_modified": "2026-03-21T07:29:51Z",
      "plugin_version": "0.0.2",
      "resolved": "github:NixOS/nixpkgs/09061f748ee21f68a089cd5d91ec1859cd93d0be#ruby",
      "source": "devbox-search",
      "version": "3.4.8",
      "systems": {
        "aarch64-darwin": {
          "outputs": [
            {
              "name": "out",
              "path": "/nix/store/88sazm3fj9kabg4pxmnjc53cx0syp8fk-ruby-3.4.8",
              "default": true
            },
            {
              "name": "devdoc",
              "path": "/nix/store/mk7a50jsk138apqrnlzc077cik8cr47m-ruby-3.4.8-devdoc"
            }
          ],
          "store_path": "/nix/store/88sazm3fj9kabg4pxmnjc53cx0syp8fk-ruby-3.4.8"
        },
        "aarch64-linux": {
          "outputs": [
            {
              "name": "out",
              "path": "/nix/store/rpcpk0lxd8iliza4nl9apsgrpsb2yk4d-ruby-3.4.8",
              "default": true
            },
            {
              "name": "devdoc",
              "path": "/nix/store/9wnq7dd2yw2lbjs69y19lm08ranqa930-ruby-3.4.8-devdoc"
            }
          ],
          "store_path": "/nix/store/rpcpk0lxd8iliza4nl9apsgrpsb2yk4d-ruby-3.4.8"
        },
        "x86_64-darwin": {
          "outputs": [
            {
              "name": "out",
              "path": "/nix/store/gq0vdqfz16vf64ip8p749rmygxd7n3x1-ruby-3.4.8",
              "default": true
            },
            {
              "name": "devdoc",
              "path": "/nix/store/k3yn26wvgk4mfrd5nw4a23wnijd9hz6c-ruby-3.4.8-devdoc"
            }
          ],
          "store_path": "/nix/store/gq0vdqfz16vf64ip8p749rmygxd7n3x1-ruby-3.4.8"
        },
        "x86_64-linux": {
          "outputs": [
            {
              "name": "out",
              "path": "/nix/store/s57rf37r1i38kpm3nlv4h8f8z2w2n80d-ruby-3.4.8",
              "default": true
            },
            {
              "name": "devdoc",
              "path": "/nix/store/4k6c15chplw6cicc6f3lgzmi7i4792j6-ruby-3.4.8-devdoc"
            }
          ],
          "store_path": "/nix/store/s57rf37r1i38kpm3nlv4h8f8z2w2n80d-ruby-3.4.8"
        }
      }
    }
  }
}
